
Microsoft Visual Studio Solution File, Format Version 12.00
# Visual Studio Version 16
VisualStudioVersion = 16.0.30114.105
MinimumVisualStudioVersion = 10.0.40219.1
Project("{FAE04EC0-301F-11D3-BF4B-00C04F79EFBC}") = "HashiCorpConfiguration", "src\HashiCorpConfiguration\HashiCorpConfiguration.csproj", "{62010B3E-C94D-49A5-8E8D-7BB1C7D17597}"
EndProject
Project("{2150E333-8FDC-42A3-9474-1A3956D46DE8}") = "src", "src", "{4717BFC8-EB98-4413-A5C5-0C7ADB7BD806}"
EndProject
Project("{2150E333-8FDC-42A3-9474-1A3956D46DE8}") = "samples", "samples", "{EB07486D-5B30-4441-A1CB-9C69166A0E92}"
EndProject
Project("{FAE04EC0-301F-11D3-BF4B-00C04F79EFBC}") = "HashiCorpConfigurationExampleApp", "samples\HashiCorpConfigurationExampleApp\HashiCorpConfigurationExampleApp.csproj", "{F276729E-7055-4C98-9A86-0381956C2526}"
EndProject
Global
	GlobalSection(SolutionConfigurationPlatforms) = preSolution
		Debug|Any CPU = Debug|Any CPU
		Release|Any CPU = Release|Any CPU
	EndGlobalSection
	GlobalSection(SolutionProperties) = preSolution
		HideSolutionNode = FALSE
	EndGlobalSection
	GlobalSection(ProjectConfigurationPlatforms) = postSolution
		{62010B3E-C94D-49A5-8E8D-7BB1C7D17597}.Debug|Any CPU.ActiveCfg = Debug|Any CPU
		{62010B3E-C94D-49A5-8E8D-7BB1C7D17597}.Debug|Any CPU.Build.0 = Debug|Any CPU
		{62010B3E-C94D-49A5-8E8D-7BB1C7D17597}.Release|Any CPU.ActiveCfg = Release|Any CPU
		{62010B3E-C94D-49A5-8E8D-7BB1C7D17597}.Release|Any CPU.Build.0 = Release|Any CPU
		{F276729E-7055-4C98-9A86-0381956C2526}.Debug|Any CPU.ActiveCfg = Debug|Any CPU
		{F276729E-7055-4C98-9A86-0381956C2526}.Debug|Any CPU.Build.0 = Debug|Any CPU
		{F276729E-7055-4C98-9A86-0381956C2526}.Release|Any CPU.ActiveCfg = Release|Any CPU
		{F276729E-7055-4C98-9A86-0381956C2526}.Release|Any CPU.Build.0 = Release|Any CPU
	EndGlobalSection
	GlobalSection(NestedProjects) = preSolution
		{62010B3E-C94D-49A5-8E8D-7BB1C7D17597} = {4717BFC8-EB98-4413-A5C5-0C7ADB7BD806}
		{F276729E-7055-4C98-9A86-0381956C2526} = {EB07486D-5B30-4441-A1CB-9C69166A0E92}
	EndGlobalSection
EndGlobal
